
Microsoft Visual Studio Solution File, Format Version 12.00
# Visual Studio Version 17
VisualStudioVersion = 17.8.34309.116
MinimumVisualStudioVersion = 10.0.40219.1
Project("{9A19103F-16F7-4668-BE54-9A1E7A4F7556}") = "ApiMySQL", "ApiMySQL.csproj", "{B5989D34-3701-4E87-91C2-482353E3C10A}"
EndProject
Global
	GlobalSection(SolutionConfigurationPlatforms) = preSolution
		Debug|Any CPU = Debug|Any CPU
		Release|Any CPU = Release|Any CPU
	EndGlobalSection
	GlobalSection(ProjectConfigurationPlatforms) = postSolution
		{B5989D34-3701-4E87-91C2-482353E3C10A}.Debug|Any CPU.ActiveCfg = Debug|Any CPU
		{B5989D34-3701-4E87-91C2-482353E3C10A}.Debug|Any CPU.Build.0 = Debug|Any CPU
		{B5989D34-3701-4E87-91C2-482353E3C10A}.Release|Any CPU.ActiveCfg = Release|Any CPU
		{B5989D34-3701-4E87-91C2-482353E3C10A}.Release|Any CPU.Build.0 = Release|Any CPU
	EndGlobalSection
	GlobalSection(SolutionProperties) = preSolution
		HideSolutionNode = FALSE
	EndGlobalSection
	GlobalSection(ExtensibilityGlobals) = postSolution
		SolutionGuid = {6CAB0A14-0227-4C78-9DB2-05B5B1969147}
	EndGlobalSection
EndGlobal
